// !$*UTF8*$!
{
	archiveVersion = 1;
	classes = {
	};
	objectVersion = 45;
	objects = {

/* Begin PBXBuildFile section */
		1D60589B0D05DD56006BFB54 /* main.m in Sources */ = {isa = PBXBuildFile; fileRef = 29B97316FDCFA39411CA2CEA /* main.m */; };
		1D60589F0D05DD5A006BFB54 /* Foundation.framework in Frameworks */ = {isa = PBXBuildFile; fileRef = 1D30AB110D05D00D00671497 /* Foundation.framework */; };
		1DF5F4E00D08C38300B7A737 /* UIKit.framework in Frameworks */ = {isa = PBXBuildFile; fileRef = 1DF5F4DF0D08C38300B7A737 /* UIKit.framework */; };
		288765FD0DF74451002DB57D /* CoreGraphics.framework in Frameworks */ = {isa = PBXBuildFile; fileRef = 288765FC0DF74451002DB57D /* CoreGraphics.framework */; };
		28EEBFDD1118E19E00187D67 /* CoreData.framework in Frameworks */ = {isa = PBXBuildFile; fileRef = 28EEBFDC1118E19E00187D67 /* CoreData.framework */; };
		3E8358C014F0AEE9001A2970 /* UIViewAdditions.m in Sources */ = {isa = PBXBuildFile; fileRef = 3E8358BF14F0AEB8001A2970 /* UIViewAdditions.m */; };
		3E8358F014F0AFC8001A2970 /* MainWindow_iPad.xib in Resources */ = {isa = PBXBuildFile; fileRef = 3E8358EB14F0AFC8001A2970 /* MainWindow_iPad.xib */; };
		3E8358F214F0AFC8001A2970 /* MainWindow_iPhone.xib in Resources */ = {isa = PBXBuildFile; fileRef = 3E8358EE14F0AFC8001A2970 /* MainWindow_iPhone.xib */; };
		3E8358F614F0B032001A2970 /* AppDelegate_Shared.m in Sources */ = {isa = PBXBuildFile; fileRef = 3E8358F514F0B032001A2970 /* AppDelegate_Shared.m */; };
		3E8358FF14F0B059001A2970 /* AppDelegate_iPad.m in Sources */ = {isa = PBXBuildFile; fileRef = 3E8358F914F0B059001A2970 /* AppDelegate_iPad.m */; };
		3E83590014F0B059001A2970 /* MainWindow_iPad.xib in Resources */ = {isa = PBXBuildFile; fileRef = 3E8358FA14F0B059001A2970 /* MainWindow_iPad.xib */; };
		3E83590114F0B059001A2970 /* AppDelegate_iPhone.m in Sources */ = {isa = PBXBuildFile; fileRef = 3E8358FD14F0B059001A2970 /* AppDelegate_iPhone.m */; };
		3E83590214F0B059001A2970 /* MainWindow_iPhone.xib in Resources */ = {isa = PBXBuildFile; fileRef = 3E8358FE14F0B059001A2970 /* MainWindow_iPhone.xib */; };
		7901263F14C37242005F423B /* GameKit.framework in Frameworks */ = {isa = PBXBuildFile; fileRef = 7901263D14C3723A005F423B /* GameKit.framework */; };
		7901265C14C38423005F423B /* swypPromptHud.png in Resources */ = {isa = PBXBuildFile; fileRef = 7901265A14C38423005F423B /* swypPromptHud.png */; };
		7901265D14C38423005F423B /* swypPromptHud@2x.png in Resources */ = {isa = PBXBuildFile; fileRef = 7901265B14C38423005F423B /* swypPromptHud@2x.png */; };
		7902D68014D49C7F00C71731 /* liblibSwyp.a in Frameworks */ = {isa = PBXBuildFile; fileRef = 7902D67F14D49C4E00C71731 /* liblibSwyp.a */; };
		79635AD414904F820098C265 /* SystemConfiguration.framework in Frameworks */ = {isa = PBXBuildFile; fileRef = 79635AD314904F820098C265 /* SystemConfiguration.framework */; };
		796B8E1314BE8F0E004FEBE3 /* connectivity-bluetooth-disabled.png in Resources */ = {isa = PBXBuildFile; fileRef = 796B8E0B14BE8F0E004FEBE3 /* connectivity-bluetooth-disabled.png */; };
		796B8E1414BE8F0E004FEBE3 /* connectivity-bluetooth-disabled@2x.png in Resources */ = {isa = PBXBuildFile; fileRef = 796B8E0C14BE8F0E004FEBE3 /* connectivity-bluetooth-disabled@2x.png */; };
		796B8E1514BE8F0E004FEBE3 /* connectivity-bluetooth-enabled.png in Resources */ = {isa = PBXBuildFile; fileRef = 796B8E0D14BE8F0E004FEBE3 /* connectivity-bluetooth-enabled.png */; };
		796B8E1614BE8F0E004FEBE3 /* connectivity-bluetooth-enabled@2x.png in Resources */ = {isa = PBXBuildFile; fileRef = 796B8E0E14BE8F0E004FEBE3 /* connectivity-bluetooth-enabled@2x.png */; };
		796B8E1714BE8F0E004FEBE3 /* connectivity-world-disabled.png in Resources */ = {isa = PBXBuildFile; fileRef = 796B8E0F14BE8F0E004FEBE3 /* connectivity-world-disabled.png */; };
		796B8E1814BE8F0E004FEBE3 /* connectivity-world-disabled@2x.png in Resources */ = {isa = PBXBuildFile; fileRef = 796B8E1014BE8F0E004FEBE3 /* connectivity-world-disabled@2x.png */; };
		796B8E1914BE8F0E004FEBE3 /* connectivity-world-enabled.png in Resources */ = {isa = PBXBuildFile; fileRef = 796B8E1114BE8F0E004FEBE3 /* connectivity-world-enabled.png */; };
		796B8E1A14BE8F0E004FEBE3 /* connectivity-world-enabled@2x.png in Resources */ = {isa = PBXBuildFile; fileRef = 796B8E1214BE8F0E004FEBE3 /* connectivity-world-enabled@2x.png */; };
		79B6E04C14426C3B00CF0A28 /* QuartzCore.framework in Frameworks */ = {isa = PBXBuildFile; fileRef = 79B6E04B14426C3B00CF0A28 /* QuartzCore.framework */; };
		79BDC494145A0B9E009C3541 /* Security.framework in Frameworks */ = {isa = PBXBuildFile; fileRef = 79BDC493145A0B9E009C3541 /* Security.framework */; };
		79BDC496145A0C2E009C3541 /* CFNetwork.framework in Frameworks */ = {isa = PBXBuildFile; fileRef = 79BDC495145A0C2E009C3541 /* CFNetwork.framework */; };
		79BE43A6147B1C81004E8903 /* bluetooth-logo-enabled.png in Resources */ = {isa = PBXBuildFile; fileRef = 79BE439E147B1C81004E8903 /* bluetooth-logo-enabled.png */; };
		79BE43A7147B1C81004E8903 /* bluetooth-logo-enabled@2x.png in Resources */ = {isa = PBXBuildFile; fileRef = 79BE439F147B1C81004E8903 /* bluetooth-logo-enabled@2x.png */; };
		79C50A60148B09FE000FDCA1 /* AssetsLibrary.framework in Frameworks */ = {isa = PBXBuildFile; fileRef = 79C50A5F148B09FE000FDCA1 /* AssetsLibrary.framework */; };
		79C50A63148B0AD2000FDCA1 /* KBViewController.m in Sources */ = {isa = PBXBuildFile; fileRef = 79C50A62148B0AD2000FDCA1 /* KBViewController.m */; };
		79C50A83148DBC89000FDCA1 /* swypPhotosHud.png in Resources */ = {isa = PBXBuildFile; fileRef = 79C50A81148DBC89000FDCA1 /* swypPhotosHud.png */; };
		79C50A84148DBC89000FDCA1 /* swypPhotosHud@2x.png in Resources */ = {isa = PBXBuildFile; fileRef = 79C50A82148DBC89000FDCA1 /* swypPhotosHud@2x.png */; };
		79C6E1701438EB6200920C64 /* swypDraftIcon57.png in Resources */ = {isa = PBXBuildFile; fileRef = 79C6E16F1438EB6200920C64 /* swypDraftIcon57.png */; };
		79C6E1721438EB7100920C64 /* swypDraftIcon114.png in Resources */ = {isa = PBXBuildFile; fileRef = 79C6E1711438EB7100920C64 /* swypDraftIcon114.png */; };
		79C6E1741438EB9800920C64 /* swypDraftIcon72.png in Resources */ = {isa = PBXBuildFile; fileRef = 79C6E1731438EB9800920C64 /* swypDraftIcon72.png */; };
		79CE44F714D9C111009EA4C0 /* swypWorkspaceBackground.png in Resources */ = {isa = PBXBuildFile; fileRef = 79CE44F614D9C111009EA4C0 /* swypWorkspaceBackground.png */; };
/* End PBXBuildFile section */

/* Begin PBXContainerItemProxy section */
		7902D67E14D49C4E00C71731 /* PBXContainerItemProxy */ = {
			isa = PBXContainerItemProxy;
			containerPortal = 7902D67714D49C4D00C71731 /* libSwyp.xcodeproj */;
			proxyType = 2;
			remoteGlobalIDString = D2AAC07E0554694100DB518D;
			remoteInfo = libSwyp;
		};
		7902D68114D49C8500C71731 /* PBXContainerItemProxy */ = {
			isa = PBXContainerItemProxy;
			containerPortal = 7902D67714D49C4D00C71731 /* libSwyp.xcodeproj */;
			proxyType = 1;
			remoteGlobalIDString = D2AAC07D0554694100DB518D;
			remoteInfo = libSwyp;
		};
/* End PBXContainerItemProxy section */

/* Begin PBXFileReference section */
		1D30AB110D05D00D00671497 /* Foundation.framework */ = {isa = PBXFileReference; lastKnownFileType = wrapper.framework; name = Foundation.framework; path = System/Library/Frameworks/Foundation.framework; sourceTree = SDKROOT; };
		1D6058910D05DD3D006BFB54 /* swyp.app */ = {isa = PBXFileReference; explicitFileType = wrapper.application; includeInIndex = 0; path = swyp.app; sourceTree = BUILT_PRODUCTS_DIR; };
		1DF5F4DF0D08C38300B7A737 /* UIKit.framework */ = {isa = PBXFileReference; lastKnownFileType = wrapper.framework; name = UIKit.framework; path = System/Library/Frameworks/UIKit.framework; sourceTree = SDKROOT; };
		288765FC0DF74451002DB57D /* CoreGraphics.framework */ = {isa = PBXFileReference; lastKnownFileType = wrapper.framework; name = CoreGraphics.framework; path = System/Library/Frameworks/CoreGraphics.framework; sourceTree = SDKROOT; };
		28EEBFDC1118E19E00187D67 /* CoreData.framework */ = {isa = PBXFileReference; lastKnownFileType = wrapper.framework; name = CoreData.framework; path = System/Library/Frameworks/CoreData.framework; sourceTree = SDKROOT; };
		29B97316FDCFA39411CA2CEA /* main.m */ = {isa = PBXFileReference; fileEncoding = 4; lastKnownFileType = sourcecode.c.objc; name = main.m; path = Shared/main.m; sourceTree = "<group>"; };
		32CA4F630368D1EE00C91783 /* swypPhotos_Prefix.pch */ = {isa = PBXFileReference; fileEncoding = 4; lastKnownFileType = sourcecode.c.h; path = swypPhotos_Prefix.pch; sourceTree = "<group>"; };
		3E8358BC14F0AE9A001A2970 /* AppDelegate_Shared.h */ = {isa = PBXFileReference; lastKnownFileType = sourcecode.c.h; name = AppDelegate_Shared.h; path = Shared/AppDelegate_Shared.h; sourceTree = "<group>"; };
		3E8358BE14F0AEB8001A2970 /* UIViewAdditions.h */ = {isa = PBXFileReference; lastKnownFileType = sourcecode.c.h; name = UIViewAdditions.h; path = Shared/UIViewAdditions.h; sourceTree = "<group>"; };
		3E8358BF14F0AEB8001A2970 /* UIViewAdditions.m */ = {isa = PBXFileReference; lastKnownFileType = sourcecode.c.objc; name = UIViewAdditions.m; path = Shared/UIViewAdditions.m; sourceTree = "<group>"; };
		3E8358E914F0AFC8001A2970 /* AppDelegate_iPad.h */ = {isa = PBXFileReference; fileEncoding = 4; lastKnownFileType = sourcecode.c.h; path = AppDelegate_iPad.h; sourceTree = "<group>"; };
		3E8358EA14F0AFC8001A2970 /* AppDelegate_iPad.m */ = {isa = PBXFileReference; fileEncoding = 4; lastKnownFileType = sourcecode.c.objc; path = AppDelegate_iPad.m; sourceTree = "<group>"; };
		3E8358EB14F0AFC8001A2970 /* MainWindow_iPad.xib */ = {isa = PBXFileReference; fileEncoding = 4; lastKnownFileType = file.xib; path = MainWindow_iPad.xib; sourceTree = "<group>"; };
		3E8358EC14F0AFC8001A2970 /* AppDelegate_iPhone.h */ = {isa = PBXFileReference; fileEncoding = 4; lastKnownFileType = sourcecode.c.h; path = AppDelegate_iPhone.h; sourceTree = "<group>"; };
		3E8358ED14F0AFC8001A2970 /* AppDelegate_iPhone.m */ = {isa = PBXFileReference; fileEncoding = 4; lastKnownFileType = sourcecode.c.objc; path = AppDelegate_iPhone.m; sourceTree = "<group>"; };
		3E8358EE14F0AFC8001A2970 /* MainWindow_iPhone.xib */ = {isa = PBXFileReference; fileEncoding = 4; lastKnownFileType = file.xib; path = MainWindow_iPhone.xib; sourceTree = "<group>"; };
		3E8358F514F0B032001A2970 /* AppDelegate_Shared.m */ = {isa = PBXFileReference; fileEncoding = 4; lastKnownFileType = sourcecode.c.objc; name = AppDelegate_Shared.m; path = Shared/AppDelegate_Shared.m; sourceTree = "<group>"; };
		3E8358F814F0B059001A2970 /* AppDelegate_iPad.h */ = {isa = PBXFileReference; fileEncoding = 4; lastKnownFileType = sourcecode.c.h; path = AppDelegate_iPad.h; sourceTree = "<group>"; };
		3E8358F914F0B059001A2970 /* AppDelegate_iPad.m */ = {isa = PBXFileReference; fileEncoding = 4; lastKnownFileType = sourcecode.c.objc; path = AppDelegate_iPad.m; sourceTree = "<group>"; };
		3E8358FA14F0B059001A2970 /* MainWindow_iPad.xib */ = {isa = PBXFileReference; fileEncoding = 4; lastKnownFileType = file.xib; path = MainWindow_iPad.xib; sourceTree = "<group>"; };
		3E8358FC14F0B059001A2970 /* AppDelegate_iPhone.h */ = {isa = PBXFileReference; fileEncoding = 4; lastKnownFileType = sourcecode.c.h; path = AppDelegate_iPhone.h; sourceTree = "<group>"; };
		3E8358FD14F0B059001A2970 /* AppDelegate_iPhone.m */ = {isa = PBXFileReference; fileEncoding = 4; lastKnownFileType = sourcecode.c.objc; path = AppDelegate_iPhone.m; sourceTree = "<group>"; };
		3E8358FE14F0B059001A2970 /* MainWindow_iPhone.xib */ = {isa = PBXFileReference; fileEncoding = 4; lastKnownFileType = file.xib; path = MainWindow_iPhone.xib; sourceTree = "<group>"; };
		7901263D14C3723A005F423B /* GameKit.framework */ = {isa = PBXFileReference; lastKnownFileType = wrapper.framework; name = GameKit.framework; path = System/Library/Frameworks/GameKit.framework; sourceTree = SDKROOT; };
		7901265A14C38423005F423B /* swypPromptHud.png */ = {isa = PBXFileReference; lastKnownFileType = image.png; path = swypPromptHud.png; sourceTree = "<group>"; };
		7901265B14C38423005F423B /* swypPromptHud@2x.png */ = {isa = PBXFileReference; lastKnownFileType = image.png; path = "swypPromptHud@2x.png"; sourceTree = "<group>"; };
		7902D67714D49C4D00C71731 /* libSwyp.xcodeproj */ = {isa = PBXFileReference; lastKnownFileType = "wrapper.pb-project"; name = libSwyp.xcodeproj; path = ../lib/swyp/libSwyp/libSwyp.xcodeproj; sourceTree = "<group>"; };
		79635AD314904F820098C265 /* SystemConfiguration.framework */ = {isa = PBXFileReference; lastKnownFileType = wrapper.framework; name = SystemConfiguration.framework; path = System/Library/Frameworks/SystemConfiguration.framework; sourceTree = SDKROOT; };
		796B8E0B14BE8F0E004FEBE3 /* connectivity-bluetooth-disabled.png */ = {isa = PBXFileReference; lastKnownFileType = image.png; path = "connectivity-bluetooth-disabled.png"; sourceTree = "<group>"; };
		796B8E0C14BE8F0E004FEBE3 /* connectivity-bluetooth-disabled@2x.png */ = {isa = PBXFileReference; lastKnownFileType = image.png; path = "connectivity-bluetooth-disabled@2x.png"; sourceTree = "<group>"; };
		796B8E0D14BE8F0E004FEBE3 /* connectivity-bluetooth-enabled.png */ = {isa = PBXFileReference; lastKnownFileType = image.png; path = "connectivity-bluetooth-enabled.png"; sourceTree = "<group>"; };
		796B8E0E14BE8F0E004FEBE3 /* connectivity-bluetooth-enabled@2x.png */ = {isa = PBXFileReference; lastKnownFileType = image.png; path = "connectivity-bluetooth-enabled@2x.png"; sourceTree = "<group>"; };
		796B8E0F14BE8F0E004FEBE3 /* connectivity-world-disabled.png */ = {isa = PBXFileReference; lastKnownFileType = image.png; path = "connectivity-world-disabled.png"; sourceTree = "<group>"; };
		796B8E1014BE8F0E004FEBE3 /* connectivity-world-disabled@2x.png */ = {isa = PBXFileReference; lastKnownFileType = image.png; path = "connectivity-world-disabled@2x.png"; sourceTree = "<group>"; };
		796B8E1114BE8F0E004FEBE3 /* connectivity-world-enabled.png */ = {isa = PBXFileReference; lastKnownFileType = image.png; path = "connectivity-world-enabled.png"; sourceTree = "<group>"; };
		796B8E1214BE8F0E004FEBE3 /* connectivity-world-enabled@2x.png */ = {isa = PBXFileReference; lastKnownFileType = image.png; path = "connectivity-world-enabled@2x.png"; sourceTree = "<group>"; };
		79B6E0451441F94800CF0A28 /* UIViewAdditions.h */ = {isa = PBXFileReference; fileEncoding = 4; lastKnownFileType = sourcecode.c.h; name = UIViewAdditions.h; path = ../Shared/UIViewAdditions.h; sourceTree = "<group>"; };
		79B6E0461441F94800CF0A28 /* UIViewAdditions.m */ = {isa = PBXFileReference; fileEncoding = 4; lastKnownFileType = sourcecode.c.objc; name = UIViewAdditions.m; path = ../Shared/UIViewAdditions.m; sourceTree = "<group>"; };
		79B6E04B14426C3B00CF0A28 /* QuartzCore.framework */ = {isa = PBXFileReference; lastKnownFileType = wrapper.framework; name = QuartzCore.framework; path = System/Library/Frameworks/QuartzCore.framework; sourceTree = SDKROOT; };
		79BDC493145A0B9E009C3541 /* Security.framework */ = {isa = PBXFileReference; lastKnownFileType = wrapper.framework; name = Security.framework; path = System/Library/Frameworks/Security.framework; sourceTree = SDKROOT; };
		79BDC495145A0C2E009C3541 /* CFNetwork.framework */ = {isa = PBXFileReference; lastKnownFileType = wrapper.framework; name = CFNetwork.framework; path = System/Library/Frameworks/CFNetwork.framework; sourceTree = SDKROOT; };
		79BE439E147B1C81004E8903 /* bluetooth-logo-enabled.png */ = {isa = PBXFileReference; lastKnownFileType = image.png; path = "bluetooth-logo-enabled.png"; sourceTree = "<group>"; };
		79BE439F147B1C81004E8903 /* bluetooth-logo-enabled@2x.png */ = {isa = PBXFileReference; lastKnownFileType = image.png; path = "bluetooth-logo-enabled@2x.png"; sourceTree = "<group>"; };
		79C50A5F148B09FE000FDCA1 /* AssetsLibrary.framework */ = {isa = PBXFileReference; lastKnownFileType = wrapper.framework; name = AssetsLibrary.framework; path = System/Library/Frameworks/AssetsLibrary.framework; sourceTree = SDKROOT; };
		79C50A61148B0AD2000FDCA1 /* KBViewController.h */ = {isa = PBXFileReference; fileEncoding = 4; lastKnownFileType = sourcecode.c.h; name = KBViewController.h; path = Shared/KBViewController.h; sourceTree = SOURCE_ROOT; };
		79C50A62148B0AD2000FDCA1 /* KBViewController.m */ = {isa = PBXFileReference; fileEncoding = 4; lastKnownFileType = sourcecode.c.objc; name = KBViewController.m; path = Shared/KBViewController.m; sourceTree = SOURCE_ROOT; };
		79C50A81148DBC89000FDCA1 /* swypPhotosHud.png */ = {isa = PBXFileReference; lastKnownFileType = image.png; path = swypPhotosHud.png; sourceTree = "<group>"; };
		79C50A82148DBC89000FDCA1 /* swypPhotosHud@2x.png */ = {isa = PBXFileReference; lastKnownFileType = image.png; path = "swypPhotosHud@2x.png"; sourceTree = "<group>"; };
		79C6E16F1438EB6200920C64 /* swypDraftIcon57.png */ = {isa = PBXFileReference; lastKnownFileType = image.png; name = swypDraftIcon57.png; path = ../resource/swypDraftIcon57.png; sourceTree = "<group>"; };
		79C6E1711438EB7100920C64 /* swypDraftIcon114.png */ = {isa = PBXFileReference; lastKnownFileType = image.png; name = swypDraftIcon114.png; path = ../resource/swypDraftIcon114.png; sourceTree = "<group>"; };
		79C6E1731438EB9800920C64 /* swypDraftIcon72.png */ = {isa = PBXFileReference; lastKnownFileType = image.png; name = swypDraftIcon72.png; path = ../resource/swypDraftIcon72.png; sourceTree = "<group>"; };
		79CE44F614D9C111009EA4C0 /* swypWorkspaceBackground.png */ = {isa = PBXFileReference; lastKnownFileType = image.png; name = swypWorkspaceBackground.png; path = ../../../../swypCards/swyp/swypBundleResources/swypWorkspaceBackground.png; sourceTree = "<group>"; };
		8D1107310486CEB800E47090 /* swyp-Info.plist */ = {isa = PBXFileReference; fileEncoding = 4; lastKnownFileType = text.plist.xml; path = "swyp-Info.plist"; plistStructureDefinitionIdentifier = "com.apple.xcode.plist.structure-definition.iphone.info-plist"; sourceTree = "<group>"; };
/* End PBXFileReference section */

/* Begin PBXFrameworksBuildPhase section */
		1D60588F0D05DD3D006BFB54 /* Frameworks */ = {
			isa = PBXFrameworksBuildPhase;
			buildActionMask = 2147483647;
			files = (
				7902D68014D49C7F00C71731 /* liblibSwyp.a in Frameworks */,
				7901263F14C37242005F423B /* GameKit.framework in Frameworks */,
				79C50A60148B09FE000FDCA1 /* AssetsLibrary.framework in Frameworks */,
				1D60589F0D05DD5A006BFB54 /* Foundation.framework in Frameworks */,
				1DF5F4E00D08C38300B7A737 /* UIKit.framework in Frameworks */,
				288765FD0DF74451002DB57D /* CoreGraphics.framework in Frameworks */,
				28EEBFDD1118E19E00187D67 /* CoreData.framework in Frameworks */,
				79B6E04C14426C3B00CF0A28 /* QuartzCore.framework in Frameworks */,
				79BDC494145A0B9E009C3541 /* Security.framework in Frameworks */,
				79BDC496145A0C2E009C3541 /* CFNetwork.framework in Frameworks */,
				79635AD414904F820098C265 /* SystemConfiguration.framework in Frameworks */,
			);
			runOnlyForDeploymentPostprocessing = 0;
		};
/* End PBXFrameworksBuildPhase section */

/* Begin PBXGroup section */
		19C28FACFE9D520D11CA2CBB /* Products */ = {
			isa = PBXGroup;
			children = (
				1D6058910D05DD3D006BFB54 /* swyp.app */,
			);
			name = Products;
			sourceTree = "<group>";
		};
		28EEBF621118D79A00187D67 /* Shared */ = {
			isa = PBXGroup;
			children = (
				79B6DFE31441F1CE00CF0A28 /* User Interface */,
				3E8358BE14F0AEB8001A2970 /* UIViewAdditions.h */,
				3E8358BF14F0AEB8001A2970 /* UIViewAdditions.m */,
				3E8358BC14F0AE9A001A2970 /* AppDelegate_Shared.h */,
				3E8358F514F0B032001A2970 /* AppDelegate_Shared.m */,
				8D1107310486CEB800E47090 /* swyp-Info.plist */,
			);
			name = Shared;
			sourceTree = "<group>";
		};
		29B97314FDCFA39411CA2CEA /* CustomTemplate */ = {
			isa = PBXGroup;
			children = (
				7902D67714D49C4D00C71731 /* libSwyp.xcodeproj */,
				28EEBF621118D79A00187D67 /* Shared */,
				3E8358F714F0B059001A2970 /* iPad */,
				3E8358FB14F0B059001A2970 /* iPhone */,
				3E8358E714F0AFC8001A2970 /* iPad */,
				3E8358E814F0AFC8001A2970 /* iPhone */,
				680FCC8013E7697800509CF2 /* Resources */,
				29B97315FDCFA39411CA2CEA /* Other Sources */,
				29B97323FDCFA39411CA2CEA /* Frameworks */,
				19C28FACFE9D520D11CA2CBB /* Products */,
			);
			name = CustomTemplate;
			sourceTree = "<group>";
		};
		29B97315FDCFA39411CA2CEA /* Other Sources */ = {
			isa = PBXGroup;
			children = (
				32CA4F630368D1EE00C91783 /* swypPhotos_Prefix.pch */,
				29B97316FDCFA39411CA2CEA /* main.m */,
			);
			name = "Other Sources";
			sourceTree = "<group>";
		};
		29B97323FDCFA39411CA2CEA /* Frameworks */ = {
			isa = PBXGroup;
			children = (
				7901263D14C3723A005F423B /* GameKit.framework */,
				79635AD314904F820098C265 /* SystemConfiguration.framework */,
				79C50A5F148B09FE000FDCA1 /* AssetsLibrary.framework */,
				79BDC495145A0C2E009C3541 /* CFNetwork.framework */,
				79BDC493145A0B9E009C3541 /* Security.framework */,
				79B6E04B14426C3B00CF0A28 /* QuartzCore.framework */,
				1DF5F4DF0D08C38300B7A737 /* UIKit.framework */,
				1D30AB110D05D00D00671497 /* Foundation.framework */,
				288765FC0DF74451002DB57D /* CoreGraphics.framework */,
				28EEBFDC1118E19E00187D67 /* CoreData.framework */,
			);
			name = Frameworks;
			sourceTree = "<group>";
		};
		3E8358E714F0AFC8001A2970 /* iPad */ = {
			isa = PBXGroup;
			children = (
				3E8358E914F0AFC8001A2970 /* AppDelegate_iPad.h */,
				3E8358EA14F0AFC8001A2970 /* AppDelegate_iPad.m */,
				3E8358EB14F0AFC8001A2970 /* MainWindow_iPad.xib */,
			);
			name = iPad;
			path = /Users/ethanis/Cocoa/swypKB/src/../../swypPhotos/src/iPad;
			sourceTree = "<absolute>";
		};
		3E8358E814F0AFC8001A2970 /* iPhone */ = {
			isa = PBXGroup;
			children = (
				3E8358EC14F0AFC8001A2970 /* AppDelegate_iPhone.h */,
				3E8358ED14F0AFC8001A2970 /* AppDelegate_iPhone.m */,
				3E8358EE14F0AFC8001A2970 /* MainWindow_iPhone.xib */,
			);
			name = iPhone;
			path = /Users/ethanis/Cocoa/swypKB/src/../../swypPhotos/src/iPhone;
			sourceTree = "<absolute>";
		};
		3E8358F714F0B059001A2970 /* iPad */ = {
			isa = PBXGroup;
			children = (
				3E8358F814F0B059001A2970 /* AppDelegate_iPad.h */,
				3E8358F914F0B059001A2970 /* AppDelegate_iPad.m */,
				3E8358FA14F0B059001A2970 /* MainWindow_iPad.xib */,
			);
			path = iPad;
			sourceTree = "<group>";
		};
		3E8358FB14F0B059001A2970 /* iPhone */ = {
			isa = PBXGroup;
			children = (
				3E8358FC14F0B059001A2970 /* AppDelegate_iPhone.h */,
				3E8358FD14F0B059001A2970 /* AppDelegate_iPhone.m */,
				3E8358FE14F0B059001A2970 /* MainWindow_iPhone.xib */,
			);
			path = iPhone;
			sourceTree = "<group>";
		};
		680FCC8013E7697800509CF2 /* Resources */ = {
			isa = PBXGroup;
			children = (
				797D6FFE143D04340086D446 /* swypBundleResources */,
				79C6E1731438EB9800920C64 /* swypDraftIcon72.png */,
				79C6E1711438EB7100920C64 /* swypDraftIcon114.png */,
				79C6E16F1438EB6200920C64 /* swypDraftIcon57.png */,
				79C50A81148DBC89000FDCA1 /* swypPhotosHud.png */,
				79C50A82148DBC89000FDCA1 /* swypPhotosHud@2x.png */,
			);
			name = Resources;
			sourceTree = "<group>";
		};
		7902D67814D49C4D00C71731 /* Products */ = {
			isa = PBXGroup;
			children = (
				7902D67F14D49C4E00C71731 /* liblibSwyp.a */,
			);
			name = Products;
			sourceTree = "<group>";
		};
		797D6FFE143D04340086D446 /* swypBundleResources */ = {
			isa = PBXGroup;
			children = (
				79CE44F614D9C111009EA4C0 /* swypWorkspaceBackground.png */,
				7901265A14C38423005F423B /* swypPromptHud.png */,
				7901265B14C38423005F423B /* swypPromptHud@2x.png */,
				796B8E0B14BE8F0E004FEBE3 /* connectivity-bluetooth-disabled.png */,
				796B8E0C14BE8F0E004FEBE3 /* connectivity-bluetooth-disabled@2x.png */,
				796B8E0D14BE8F0E004FEBE3 /* connectivity-bluetooth-enabled.png */,
				796B8E0E14BE8F0E004FEBE3 /* connectivity-bluetooth-enabled@2x.png */,
				796B8E0F14BE8F0E004FEBE3 /* connectivity-world-disabled.png */,
				796B8E1014BE8F0E004FEBE3 /* connectivity-world-disabled@2x.png */,
				796B8E1114BE8F0E004FEBE3 /* connectivity-world-enabled.png */,
				796B8E1214BE8F0E004FEBE3 /* connectivity-world-enabled@2x.png */,
				79BE439E147B1C81004E8903 /* bluetooth-logo-enabled.png */,
				79BE439F147B1C81004E8903 /* bluetooth-logo-enabled@2x.png */,
			);
			name = swypBundleResources;
			path = ../lib/swyp/swypBundleResources;
			sourceTree = "<group>";
		};
		79B6DFE31441F1CE00CF0A28 /* User Interface */ = {
			isa = PBXGroup;
			children = (
				79C50A61148B0AD2000FDCA1 /* KBViewController.h */,
				79C50A62148B0AD2000FDCA1 /* KBViewController.m */,
				79B6E0451441F94800CF0A28 /* UIViewAdditions.h */,
				79B6E0461441F94800CF0A28 /* UIViewAdditions.m */,
			);
			name = "User Interface";
			path = iPhone;
			sourceTree = "<group>";
		};
/* End PBXGroup section */

/* Begin PBXNativeTarget section */
		1D6058900D05DD3D006BFB54 /* swyp */ = {
			isa = PBXNativeTarget;
			buildConfigurationList = 1D6058960D05DD3E006BFB54 /* Build configuration list for PBXNativeTarget "swyp" */;
			buildPhases = (
				1D60588D0D05DD3D006BFB54 /* Resources */,
				1D60588E0D05DD3D006BFB54 /* Sources */,
				1D60588F0D05DD3D006BFB54 /* Frameworks */,
			);
			buildRules = (
			);
			dependencies = (
				7902D68214D49C8500C71731 /* PBXTargetDependency */,
			);
			name = swyp;
			productName = swypPhotos;
			productReference = 1D6058910D05DD3D006BFB54 /* swyp.app */;
			productType = "com.apple.product-type.application";
		};
/* End PBXNativeTarget section */

/* Begin PBXProject section */
		29B97313FDCFA39411CA2CEA /* Project object */ = {
			isa = PBXProject;
			attributes = {
				LastUpgradeCheck = 0410;
			};
			buildConfigurationList = C01FCF4E08A954540054247B /* Build configuration list for PBXProject "swyp" */;
			compatibilityVersion = "Xcode 3.1";
			developmentRegion = English;
			hasScannedForEncodings = 1;
			knownRegions = (
				English,
				Japanese,
				French,
				German,
			);
			mainGroup = 29B97314FDCFA39411CA2CEA /* CustomTemplate */;
			projectDirPath = "";
			projectReferences = (
				{
					ProductGroup = 7902D67814D49C4D00C71731 /* Products */;
					ProjectRef = 7902D67714D49C4D00C71731 /* libSwyp.xcodeproj */;
				},
			);
			projectRoot = "";
			targets = (
				1D6058900D05DD3D006BFB54 /* swyp */,
			);
		};
/* End PBXProject section */

/* Begin PBXReferenceProxy section */
		7902D67F14D49C4E00C71731 /* liblibSwyp.a */ = {
			isa = PBXReferenceProxy;
			fileType = archive.ar;
			path = liblibSwyp.a;
			remoteRef = 7902D67E14D49C4E00C71731 /* PBXContainerItemProxy */;
			sourceTree = BUILT_PRODUCTS_DIR;
		};
/* End PBXReferenceProxy section */

/* Begin PBXResourcesBuildPhase section */
		1D60588D0D05DD3D006BFB54 /* Resources */ = {
			isa = PBXResourcesBuildPhase;
			buildActionMask = 2147483647;
			files = (
				79C6E1701438EB6200920C64 /* swypDraftIcon57.png in Resources */,
				79C6E1721438EB7100920C64 /* swypDraftIcon114.png in Resources */,
				79C6E1741438EB9800920C64 /* swypDraftIcon72.png in Resources */,
				79BE43A6147B1C81004E8903 /* bluetooth-logo-enabled.png in Resources */,
				79BE43A7147B1C81004E8903 /* bluetooth-logo-enabled@2x.png in Resources */,
				79C50A83148DBC89000FDCA1 /* swypPhotosHud.png in Resources */,
				79C50A84148DBC89000FDCA1 /* swypPhotosHud@2x.png in Resources */,
				796B8E1314BE8F0E004FEBE3 /* connectivity-bluetooth-disabled.png in Resources */,
				796B8E1414BE8F0E004FEBE3 /* connectivity-bluetooth-disabled@2x.png in Resources */,
				796B8E1514BE8F0E004FEBE3 /* connectivity-bluetooth-enabled.png in Resources */,
				796B8E1614BE8F0E004FEBE3 /* connectivity-bluetooth-enabled@2x.png in Resources */,
				796B8E1714BE8F0E004FEBE3 /* connectivity-world-disabled.png in Resources */,
				796B8E1814BE8F0E004FEBE3 /* connectivity-world-disabled@2x.png in Resources */,
				796B8E1914BE8F0E004FEBE3 /* connectivity-world-enabled.png in Resources */,
				796B8E1A14BE8F0E004FEBE3 /* connectivity-world-enabled@2x.png in Resources */,
				7901265C14C38423005F423B /* swypPromptHud.png in Resources */,
				7901265D14C38423005F423B /* swypPromptHud@2x.png in Resources */,
				79CE44F714D9C111009EA4C0 /* swypWorkspaceBackground.png in Resources */,
				3E8358F014F0AFC8001A2970 /* MainWindow_iPad.xib in Resources */,
				3E8358F214F0AFC8001A2970 /* MainWindow_iPhone.xib in Resources */,
				3E83590014F0B059001A2970 /* MainWindow_iPad.xib in Resources */,
				3E83590214F0B059001A2970 /* MainWindow_iPhone.xib in Resources */,
			);
			runOnlyForDeploymentPostprocessing = 0;
		};
/* End PBXResourcesBuildPhase section */

/* Begin PBXSourcesBuildPhase section */
		1D60588E0D05DD3D006BFB54 /* Sources */ = {
			isa = PBXSourcesBuildPhase;
			buildActionMask = 2147483647;
			files = (
				1D60589B0D05DD56006BFB54 /* main.m in Sources */,
				79C50A63148B0AD2000FDCA1 /* KBViewController.m in Sources */,
				3E8358C014F0AEE9001A2970 /* UIViewAdditions.m in Sources */,
				3E8358F614F0B032001A2970 /* AppDelegate_Shared.m in Sources */,
				3E8358FF14F0B059001A2970 /* AppDelegate_iPad.m in Sources */,
				3E83590114F0B059001A2970 /* AppDelegate_iPhone.m in Sources */,
			);
			runOnlyForDeploymentPostprocessing = 0;
		};
/* End PBXSourcesBuildPhase section */

/* Begin PBXTargetDependency section */
		7902D68214D49C8500C71731 /* PBXTargetDependency */ = {
			isa = PBXTargetDependency;
			name = libSwyp;
			targetProxy = 7902D68114D49C8500C71731 /* PBXContainerItemProxy */;
		};
/* End PBXTargetDependency section */

/* Begin XCBuildConfiguration section */
		1D6058940D05DD3E006BFB54 /* Debug */ = {
			isa = XCBuildConfiguration;
			buildSettings = {
				ALWAYS_SEARCH_USER_PATHS = NO;
				ARCHS = "$(ARCHS_STANDARD_32_BIT)";
				"CODE_SIGN_IDENTITY[sdk=iphoneos*]" = "iPhone Developer";
				COPY_PHASE_STRIP = NO;
				GCC_DYNAMIC_NO_PIC = NO;
				GCC_OPTIMIZATION_LEVEL = 0;
				GCC_PRECOMPILE_PREFIX_HEADER = YES;
				GCC_PREFIX_HEADER = swypPhotos_Prefix.pch;
				HEADER_SEARCH_PATHS = "../lib/**";
				INFOPLIST_FILE = "swyp-Info.plist";
				IPHONEOS_DEPLOYMENT_TARGET = 4.0;
				OTHER_LDFLAGS = "-all_load";
				PRODUCT_NAME = swyp;
				"PROVISIONING_PROFILE[sdk=iphoneos*]" = "";
			};
			name = Debug;
		};
		1D6058950D05DD3E006BFB54 /* Release */ = {
			isa = XCBuildConfiguration;
			buildSettings = {
				ALWAYS_SEARCH_USER_PATHS = NO;
				ARCHS = (
					armv6,
					armv7,
				);
				"CODE_SIGN_IDENTITY[sdk=iphoneos*]" = "iPhone Distribution";
				COPY_PHASE_STRIP = YES;
				GCC_PRECOMPILE_PREFIX_HEADER = YES;
				GCC_PREFIX_HEADER = swypPhotos_Prefix.pch;
				HEADER_SEARCH_PATHS = "../lib/**";
				INFOPLIST_FILE = "swyp-Info.plist";
				IPHONEOS_DEPLOYMENT_TARGET = 4.0;
				OTHER_LDFLAGS = "-all_load";
				PRODUCT_NAME = swyp;
				"PROVISIONING_PROFILE[sdk=iphoneos*]" = "";
				VALIDATE_PRODUCT = YES;
			};
			name = Release;
		};
		7974F88F142D59EE001FA1E8 /* AdHoc */ = {
			isa = XCBuildConfiguration;
			buildSettings = {
				ARCHS = "$(ARCHS_STANDARD_32_BIT)";
				"CODE_SIGN_IDENTITY[sdk=iphoneos*]" = "iPhone Developer";
				GCC_C_LANGUAGE_STANDARD = c99;
				GCC_VERSION = com.apple.compilers.llvm.clang.1_0;
				GCC_WARN_ABOUT_RETURN_TYPE = YES;
				GCC_WARN_UNUSED_VARIABLE = YES;
				IPHONEOS_DEPLOYMENT_TARGET = 4.2;
				OTHER_CFLAGS = "-DNS_BLOCK_ASSERTIONS=1";
				OTHER_LDFLAGS = "-all_load";
				PREBINDING = NO;
				SDKROOT = iphoneos;
				TARGETED_DEVICE_FAMILY = "1,2";
			};
			name = AdHoc;
		};
		7974F890142D59EE001FA1E8 /* AdHoc */ = {
			isa = XCBuildConfiguration;
			buildSettings = {
				ALWAYS_SEARCH_USER_PATHS = NO;
				ARCHS = (
					armv6,
					armv7,
				);
				"CODE_SIGN_IDENTITY[sdk=iphoneos*]" = "iPhone Distribution";
				COPY_PHASE_STRIP = YES;
				GCC_PRECOMPILE_PREFIX_HEADER = YES;
				GCC_PREFIX_HEADER = swypPhotos_Prefix.pch;
				HEADER_SEARCH_PATHS = "../lib/**";
				INFOPLIST_FILE = "swyp-Info.plist";
				IPHONEOS_DEPLOYMENT_TARGET = 4.0;
				OTHER_LDFLAGS = "-all_load";
				PRODUCT_NAME = swyp;
				"PROVISIONING_PROFILE[sdk=iphoneos*]" = "";
				VALIDATE_PRODUCT = YES;
			};
			name = AdHoc;
		};
		C01FCF4F08A954540054247B /* Debug */ = {
			isa = XCBuildConfiguration;
			buildSettings = {
				ARCHS = "$(ARCHS_STANDARD_32_BIT)";
				"CODE_SIGN_IDENTITY[sdk=iphoneos*]" = "iPhone Developer: Alexander List (76TLAY9W6F)";
				GCC_C_LANGUAGE_STANDARD = c99;
				GCC_VERSION = com.apple.compilers.llvm.clang.1_0;
				GCC_WARN_ABOUT_RETURN_TYPE = YES;
				GCC_WARN_UNUSED_VARIABLE = YES;
				IPHONEOS_DEPLOYMENT_TARGET = 4.2;
				OTHER_LDFLAGS = "-all_load";
				PREBINDING = NO;
				"PROVISIONING_PROFILE[sdk=iphoneos*]" = "2FD97074-06EC-499A-A932-A25F51E8A741";
				SDKROOT = iphoneos;
				TARGETED_DEVICE_FAMILY = "1,2";
			};
			name = Debug;
		};
		C01FCF5008A954540054247B /* Release */ = {
			isa = XCBuildConfiguration;
			buildSettings = {
				ARCHS = "$(ARCHS_STANDARD_32_BIT)";
				"CODE_SIGN_IDENTITY[sdk=iphoneos*]" = "iPhone Developer";
				GCC_C_LANGUAGE_STANDARD = c99;
				GCC_VERSION = com.apple.compilers.llvm.clang.1_0;
				GCC_WARN_ABOUT_RETURN_TYPE = YES;
				GCC_WARN_UNUSED_VARIABLE = YES;
				IPHONEOS_DEPLOYMENT_TARGET = 4.2;
				OTHER_CFLAGS = "-DNS_BLOCK_ASSERTIONS=1";
				OTHER_LDFLAGS = "-all_load";
				PREBINDING = NO;
				SDKROOT = iphoneos;
				TARGETED_DEVICE_FAMILY = "1,2";
			};
			name = Release;
		};
/* End XCBuildConfiguration section */

/* Begin XCConfigurationList section */
		1D6058960D05DD3E006BFB54 /* Build configuration list for PBXNativeTarget "swyp" */ = {
			isa = XCConfigurationList;
			buildConfigurations = (
				1D6058940D05DD3E006BFB54 /* Debug */,
				1D6058950D05DD3E006BFB54 /* Release */,
				7974F890142D59EE001FA1E8 /* AdHoc */,
			);
			defaultConfigurationIsVisible = 0;
			defaultConfigurationName = Release;
		};
		C01FCF4E08A954540054247B /* Build configuration list for PBXProject "swyp" */ = {
			isa = XCConfigurationList;
			buildConfigurations = (
				C01FCF4F08A954540054247B /* Debug */,
				C01FCF5008A954540054247B /* Release */,
				7974F88F142D59EE001FA1E8 /* AdHoc */,
			);
			defaultConfigurationIsVisible = 0;
			defaultConfigurationName = Release;
		};
/* End XCConfigurationList section */
	};
	rootObject = 29B97313FDCFA39411CA2CEA /* Project object */;
}
